
Microsoft Visual Studio Solution File, Format Version 12.00
# Visual Studio Version 17
VisualStudioVersion = 17.0.31903.59
MinimumVisualStudioVersion = 10.0.40219.1
Project("{9A19103F-16F7-4668-BE54-9A1E7A4F7556}") = "FogEnvironment.Domain", "FogEnvironment.Domain\FogEnvironment.Domain.csproj", "{6C82714C-0D14-4A2B-A8A6-4BE27D5A17A4}"
EndProject
Project("{9A19103F-16F7-4668-BE54-9A1E7A4F7556}") = "FogEnvironment.WebApi", "FogEnvironment.WebApi\FogEnvironment.WebApi.csproj", "{A88C3749-32ED-41A3-8266-78750D19575A}"
EndProject
Project("{FAE04EC0-301F-11D3-BF4B-00C04F79EFBC}") = "FogEnvironment.NodeManager", "NodeManager\FogEnvironment.NodeManager.csproj", "{07140B39-99C9-4241-953A-3E848750DB2A}"
EndProject
Project("{FAE04EC0-301F-11D3-BF4B-00C04F79EFBC}") = "FogEnvironment.ImageProcessService", "FogEnvironment.ImageServices\FaceDetectionApp\FogEnvironment.ImageProcessService.csproj", "{8A11BA36-6191-410E-8AEB-48BB56E68312}"
EndProject
Global
	GlobalSection(SolutionConfigurationPlatforms) = preSolution
		Debug|Any CPU = Debug|Any CPU
		Release|Any CPU = Release|Any CPU
	EndGlobalSection
	GlobalSection(ProjectConfigurationPlatforms) = postSolution
		{6C82714C-0D14-4A2B-A8A6-4BE27D5A17A4}.Debug|Any CPU.ActiveCfg = Debug|Any CPU
		{6C82714C-0D14-4A2B-A8A6-4BE27D5A17A4}.Debug|Any CPU.Build.0 = Debug|Any CPU
		{6C82714C-0D14-4A2B-A8A6-4BE27D5A17A4}.Release|Any CPU.ActiveCfg = Release|Any CPU
		{6C82714C-0D14-4A2B-A8A6-4BE27D5A17A4}.Release|Any CPU.Build.0 = Release|Any CPU
		{A88C3749-32ED-41A3-8266-78750D19575A}.Debug|Any CPU.ActiveCfg = Debug|Any CPU
		{A88C3749-32ED-41A3-8266-78750D19575A}.Debug|Any CPU.Build.0 = Debug|Any CPU
		{A88C3749-32ED-41A3-8266-78750D19575A}.Release|Any CPU.ActiveCfg = Release|Any CPU
		{A88C3749-32ED-41A3-8266-78750D19575A}.Release|Any CPU.Build.0 = Release|Any CPU
		{07140B39-99C9-4241-953A-3E848750DB2A}.Debug|Any CPU.ActiveCfg = Debug|Any CPU
		{07140B39-99C9-4241-953A-3E848750DB2A}.Debug|Any CPU.Build.0 = Debug|Any CPU
		{07140B39-99C9-4241-953A-3E848750DB2A}.Release|Any CPU.ActiveCfg = Release|Any CPU
		{07140B39-99C9-4241-953A-3E848750DB2A}.Release|Any CPU.Build.0 = Release|Any CPU
		{8A11BA36-6191-410E-8AEB-48BB56E68312}.Debug|Any CPU.ActiveCfg = Debug|Any CPU
		{8A11BA36-6191-410E-8AEB-48BB56E68312}.Debug|Any CPU.Build.0 = Debug|Any CPU
		{8A11BA36-6191-410E-8AEB-48BB56E68312}.Release|Any CPU.ActiveCfg = Release|Any CPU
		{8A11BA36-6191-410E-8AEB-48BB56E68312}.Release|Any CPU.Build.0 = Release|Any CPU
	EndGlobalSection
	GlobalSection(SolutionProperties) = preSolution
		HideSolutionNode = FALSE
	EndGlobalSection
	GlobalSection(ExtensibilityGlobals) = postSolution
		SolutionGuid = {1EF4A3D2-4918-42A1-BAA6-1AA3C76B7672}
	EndGlobalSection
EndGlobal
